{
  "name": "Ativ Final",
  "lockfileVersion": 2,
  "requires": true,
  "packages": {
    "": {
      "dependencies": {
        "validador": "^0.1.6"
      },
      "devDependencies": {
        "@types/validator": "^13.7.3"
      }
    },
    "node_modules/@types/validator": {
      "version": "13.7.3",
      "resolved": "https://registry.npmjs.org/@types/validator/-/validator-13.7.3.tgz",
      "integrity": "sha512-DNviAE5OUcZ5s+XEQHRhERLg8fOp8gSgvyJ4aaFASx5wwaObm+PBwTIMXiOFm1QrSee5oYwEAYb7LMzX2O88gA==",
      "dev": true
    },
    "node_modules/validador": {
      "version": "0.1.6",
      "resolved": "https://registry.npmjs.org/validador/-/validador-0.1.6.tgz",
      "integrity": "sha512-DhmVZ9ApnjG3Z9DS4fHa/ZIBa+ZGTAtSWKAeIQohVZ+cLZviJn7Pa2ILaxsCYIKTW0p3f53WrDFfrjQ7QkdnyQ==",
      "dependencies": {
        "validator": "^5.4.0"
      }
    },
    "node_modules/validator": {
      "version": "5.7.0",
      "resolved": "https://registry.npmjs.org/validator/-/validator-5.7.0.tgz",
      "integrity": "sha512-kHes0AATXms5NVgbJ4aDELR91O7+X+cxAS9d6I2z49MBhcAw6DYW4UCI8qv9NkL4+Mgx8jklt7gkCht+UHaZ+g==",
      "engines": {
        "node": ">= 0.10"
      }
    }
  },
  "dependencies": {
    "@types/validator": {
      "version": "13.7.3",
      "resolved": "https://registry.npmjs.org/@types/validator/-/validator-13.7.3.tgz",
      "integrity": "sha512-DNviAE5OUcZ5s+XEQHRhERLg8fOp8gSgvyJ4aaFASx5wwaObm+PBwTIMXiOFm1QrSee5oYwEAYb7LMzX2O88gA==",
      "dev": true
    },
    "validador": {
      "version": "0.1.6",
      "resolved": "https://registry.npmjs.org/validador/-/validador-0.1.6.tgz",
      "integrity": "sha512-DhmVZ9ApnjG3Z9DS4fHa/ZIBa+ZGTAtSWKAeIQohVZ+cLZviJn7Pa2ILaxsCYIKTW0p3f53WrDFfrjQ7QkdnyQ==",
      "requires": {
        "validator": "^5.4.0"
      }
    },
    "validator": {
      "version": "5.7.0",
      "resolved": "https://registry.npmjs.org/validator/-/validator-5.7.0.tgz",
      "integrity": "sha512-kHes0AATXms5NVgbJ4aDELR91O7+X+cxAS9d6I2z49MBhcAw6DYW4UCI8qv9NkL4+Mgx8jklt7gkCht+UHaZ+g=="
    }
  }
}
